
Microsoft Visual Studio Solution File, Format Version 12.00
# Visual Studio Version 16
VisualStudioVersion = 16.0.31605.320
MinimumVisualStudioVersion = 10.0.40219.1
Project("{FAE04EC0-301F-11D3-BF4B-00C04F79EFBC}") = "freemode", "freemode\freemode.csproj", "{64D1D009-C12C-4344-AE3E-8C6B6A45B559}"
EndProject
Global
	GlobalSection(SolutionConfigurationPlatforms) = preSolution
		Debug|Any CPU = Debug|Any CPU
		Release|Any CPU = Release|Any CPU
	EndGlobalSection
	GlobalSection(ProjectConfigurationPlatforms) = postSolution
		{64D1D009-C12C-4344-AE3E-8C6B6A45B559}.Debug|Any CPU.ActiveCfg = Debug|Any CPU
		{64D1D009-C12C-4344-AE3E-8C6B6A45B559}.Debug|Any CPU.Build.0 = Debug|Any CPU
		{64D1D009-C12C-4344-AE3E-8C6B6A45B559}.Release|Any CPU.ActiveCfg = Release|Any CPU
		{64D1D009-C12C-4344-AE3E-8C6B6A45B559}.Release|Any CPU.Build.0 = Release|Any CPU
	EndGlobalSection
	GlobalSection(SolutionProperties) = preSolution
		HideSolutionNode = FALSE
	EndGlobalSection
	GlobalSection(ExtensibilityGlobals) = postSolution
		SolutionGuid = {7589DBA7-8938-4729-9B37-9EBBB3C2AE61}
	EndGlobalSection
EndGlobal
